{
  "name": "netlify-ai-gateway-proxy",
  "lockfileVersion": 3,
  "requires": true,
  "packages": {
    "": {
      "name": "netlify-ai-gateway-proxy",
      "devDependencies": {
        "@netlify/edge-functions": "^3.0.6",
        "@types/node": "^22.10.2",
        "typescript": "^5.7.2"
      }
    },
    "node_modules/@netlify/edge-functions": {
      "version": "3.0.6",
      "resolved": "https://registry.npmjs.org/@netlify/edge-functions/-/edge-functions-3.0.6.tgz",
      "integrity": "sha512-xkVcTcpAuQKAY5GXKOjPTIct5Mz53NPHXOasggA+LTAxDDV4ohqSM8BIaXh1SgbcniHZyFhBqhc5hxZ+fFz5bQ==",
      "dev": true,
      "license": "MIT",
      "dependencies": {
        "@netlify/types": "2.6.0"
      },
      "engines": {
        "node": ">=18.0.0"
      }
    },
    "node_modules/@netlify/types": {
      "version": "2.6.0",
      "resolved": "https://registry.npmjs.org/@netlify/types/-/types-2.6.0.tgz",
      "integrity": "sha512-yD20EizHJDQxajJ66Vo8RTwLwR2jMNVxufPG8MHd2AScX8jW4z0VPnnJHArq2GYPFTFZRHmiAhDrXr5m8zof6w==",
      "dev": true,
      "license": "MIT",
      "engines": {
        "node": "^18.14.0 || >=20"
      }
    },
    "node_modules/@types/node": {
      "version": "22.19.17",
      "resolved": "https://registry.npmjs.org/@types/node/-/node-22.19.17.tgz",
      "integrity": "sha512-wGdMcf+vPYM6jikpS/qhg6WiqSV/OhG+jeeHT/KlVqxYfD40iYJf9/AE1uQxVWFvU7MipKRkRv8NSHiCGgPr8Q==",
      "dev": true,
      "license": "MIT",
      "dependencies": {
        "undici-types": "~6.21.0"
      }
    },
    "node_modules/typescript": {
      "version": "5.9.3",
      "resolved": "https://registry.npmjs.org/typescript/-/typescript-5.9.3.tgz",
      "integrity": "sha512-jl1vZzPDinLr9eUt3J/t7V6FgNEw9QjvBPdysz9KfQDD41fQrC2Y4vKQdiaUpFT4bXlb1RHhLpp8wtm6M5TgSw==",
      "dev": true,
      "license": "Apache-2.0",
      "bin": {
        "tsc": "bin/tsc",
        "tsserver": "bin/tsserver"
      },
      "engines": {
        "node": ">=14.17"
      }
    },
    "node_modules/undici-types": {
      "version": "6.21.0",
      "resolved": "https://registry.npmjs.org/undici-types/-/undici-types-6.21.0.tgz",
      "integrity": "sha512-iwDZqg0QAGrg9Rav5H4n0M64c3mkR59cJ6wQp+7C4nI0gsmExaedaYLNO44eT4AtBBwjbTiGPMlt2Md0T9H9JQ==",
      "dev": true,
      "license": "MIT"
    }
  }
}
